version = 1
revision = 3
requires-python = ">=3.13"

[[package]]
name = "aiosqlite"
version = "0.22.1"
source = { registry = "https://mirrors.aliyun.com/pypi/simple" }
sdist = { url = "https://mirrors.aliyun.com/pypi/packages/4e/8a/64761f4005f17809769d23e518d915db74e6310474e733e3593cfc854ef1/aiosqlite-0.22.1.tar.gz", hash = "sha256:043e0bd78d32888c0a9ca90fc788b38796843360c855a7262a532813133a0650" }
wheels = [
    { url = "https://mirrors.aliyun.com/pypi/packages/00/b7/e3bf5133d697a08128598c8d0abc5e16377b51465a33756de24fa7dee953/aiosqlite-0.22.1-py3-none-any.whl", hash = "sha256:21c002eb13823fad740196c5a2e9d8e62f6243bd9e7e4a1f87fb5e44ecb4fceb" },
]

[[package]]
name = "colorama"
version = "0.4.6"
source = { registry = "https://mirrors.aliyun.com/pypi/simple" }
sdist = { url = "https://mirrors.aliyun.com/pypi/packages/d8/53/6f443c9a4a8358a93a6792e2acffb9d9d5cb0a5cfd8802644b7b1c9a02e4/colorama-0.4.6.tar.gz", hash = "sha256:08695f5cb7ed6e0531a20572697297273c47b8cae5a63ffc6d6ed5c201be6e44" }
wheels = [
    { url = "https://mirrors.aliyun.com/pypi/packages/d1/d6/3965ed04c63042e047cb6a3e6ed1a63a35087b6a609aa3a15ed8ac56c221/colorama-0.4.6-py2.py3-none-any.whl", hash = "sha256:4f1d9991f5acc0ca119f9d443620b77f9d6b33703e51011c16baf57afb285fc6" },
]

[[package]]
name = "greenlet"
version = "3.3.2"
source = { registry = "https://mirrors.aliyun.com/pypi/simple" }
sdist = { url = "https://mirrors.aliyun.com/pypi/packages/a3/51/1664f6b78fc6ebbd98019a1fd730e83fa78f2db7058f72b1463d3612b8db/greenlet-3.3.2.tar.gz", hash = "sha256:2eaf067fc6d886931c7962e8c6bede15d2f01965560f3359b27c80bde2d151f2" }
wheels = [
    { url = "https://mirrors.aliyun.com/pypi/packages/ac/48/f8b875fa7dea7dd9b33245e37f065af59df6a25af2f9561efa8d822fde51/greenlet-3.3.2-cp313-cp313-macosx_11_0_universal2.whl", hash = "sha256:aa6ac98bdfd716a749b84d4034486863fd81c3abde9aa3cf8eff9127981a4ae4" },
    { url = "https://mirrors.aliyun.com/pypi/packages/49/8d/9771d03e7a8b1ee456511961e1b97a6d77ae1dea4a34a5b98eee706689d3/greenlet-3.3.2-cp313-cp313-manylinux_2_24_aarch64.manylinux_2_28_aarch64.whl", hash = "sha256:ab0c7e7901a00bc0a7284907273dc165b32e0d109a6713babd04471327ff7986" },
    { url = "https://mirrors.aliyun.com/pypi/packages/59/0e/4223c2bbb63cd5c97f28ffb2a8aee71bdfb30b323c35d409450f51b91e3e/greenlet-3.3.2-cp313-cp313-manylinux_2_24_ppc64le.manylinux_2_28_ppc64le.whl", hash = "sha256:d248d8c23c67d2291ffd47af766e2a3aa9fa1c6703155c099feb11f526c63a92" },
    { url = "https://mirrors.aliyun.com/pypi/packages/94/2b/4d012a69759ac9d77210b8bfb128bc621125f5b20fc398bce3940d036b1c/greenlet-3.3.2-cp313-cp313-manylinux_2_24_s390x.manylinux_2_28_s390x.whl", hash = "sha256:ccd21bb86944ca9be6d967cf7691e658e43417782bce90b5d2faeda0ff78a7dd" },
    { url = "https://mirrors.aliyun.com/pypi/packages/7a/34/259b28ea7a2a0c904b11cd36c79b8cef8019b26ee5dbe24e73b469dea347/greenlet-3.3.2-cp313-cp313-manylinux_2_24_x86_64.manylinux_2_28_x86_64.whl", hash = "sha256:b6997d360a4e6a4e936c0f9625b1c20416b8a0ea18a8e19cabbefc712e7397ab" },
    { url = "https://mirrors.aliyun.com/pypi/packages/0a/03/996c2d1689d486a6e199cb0f1cf9e4aa940c500e01bdf201299d7d61fa69/greenlet-3.3.2-cp313-cp313-musllinux_1_2_aarch64.whl", hash = "sha256:64970c33a50551c7c50491671265d8954046cb6e8e2999aacdd60e439b70418a" },
    { url = "https://mirrors.aliyun.com/pypi/packages/d9/c4/2570fc07f34a39f2caf0bf9f24b0a1a0a47bc2e8e465b2c2424821389dfc/greenlet-3.3.2-cp313-cp313-musllinux_1_2_x86_64.whl", hash = "sha256:1a9172f5bf6bd88e6ba5a84e0a68afeac9dc7b6b412b245dd64f52d83c81e55b" },
    { url = "https://mirrors.aliyun.com/pypi/packages/91/39/5ef5aa23bc545aa0d31e1b9b55822b32c8da93ba657295840b6b34124009/greenlet-3.3.2-cp313-cp313-win_amd64.whl", hash = "sha256:a7945dd0eab63ded0a48e4dcade82939783c172290a7903ebde9e184333ca124" },
    { url = "https://mirrors.aliyun.com/pypi/packages/62/6b/a89f8456dcb06becff288f563618e9f20deed8dd29beea14f9a168aef64b/greenlet-3.3.2-cp313-cp313-win_arm64.whl", hash = "sha256:394ead29063ee3515b4e775216cb756b2e3b4a7e55ae8fd884f17fa579e6b327" },
    { url = "https://mirrors.aliyun.com/pypi/packages/3f/ae/8bffcbd373b57a5992cd077cbe8858fff39110480a9d50697091faea6f39/greenlet-3.3.2-cp314-cp314-macosx_11_0_universal2.whl", hash = "sha256:8d1658d7291f9859beed69a776c10822a0a799bc4bfe1bd4272bb60e62507dab" },
    { url = "https://mirrors.aliyun.com/pypi/packages/d1/c0/45f93f348fa49abf32ac8439938726c480bd96b2a3c6f4d949ec0124b69f/greenlet-3.3.2-cp314-cp314-manylinux_2_24_aarch64.manylinux_2_28_aarch64.whl", hash = "sha256:18cb1b7337bca281915b3c5d5ae19f4e76d35e1df80f4ad3c1a7be91fadf1082" },
    { url = "https://mirrors.aliyun.com/pypi/packages/b3/de/dd7589b3f2b8372069ab3e4763ea5329940fc7ad9dcd3e272a37516d7c9b/greenlet-3.3.2-cp314-cp314-manylinux_2_24_ppc64le.manylinux_2_28_ppc64le.whl", hash = "sha256:c2e47408e8ce1c6f1ceea0dffcdf6ebb85cc09e55c7af407c99f1112016e45e9" },
    { url = "https://mirrors.aliyun.com/pypi/packages/cd/ac/85804f74f1ccea31ba518dcc8ee6f14c79f73fe36fa1beba38930806df09/greenlet-3.3.2-cp314-cp314-manylinux_2_24_s390x.manylinux_2_28_s390x.whl", hash = "sha256:e3cb43ce200f59483eb82949bf1835a99cf43d7571e900d7c8d5c62cdf25d2f9" },
    { url = "https://mirrors.aliyun.com/pypi/packages/d2/d8/09bfa816572a4d83bccd6750df1926f79158b1c36c5f73786e26dbe4ee38/greenlet-3.3.2-cp314-cp314-manylinux_2_24_x86_64.manylinux_2_28_x86_64.whl", hash = "sha256:63d10328839d1973e5ba35e98cccbca71b232b14051fd957b6f8b6e8e80d0506" },
    { url = "https://mirrors.aliyun.com/pypi/packages/48/cf/56832f0c8255d27f6c35d41b5ec91168d74ec721d85f01a12131eec6b93c/greenlet-3.3.2-cp314-cp314-musllinux_1_2_aarch64.whl", hash = "sha256:8e4ab3cfb02993c8cc248ea73d7dae6cec0253e9afa311c9b37e603ca9fad2ce" },
    { url = "https://mirrors.aliyun.com/pypi/packages/0a/23/b90b60a4aabb4cec0796e55f25ffbfb579a907c3898cd2905c8918acaa16/greenlet-3.3.2-cp314-cp314-musllinux_1_2_x86_64.whl", hash = "sha256:94ad81f0fd3c0c0681a018a976e5c2bd2ca2d9d94895f23e7bb1af4e8af4e2d5" },
    { url = "https://mirrors.aliyun.com/pypi/packages/f3/ca/2101ca3d9223a1dc125140dbc063644dca76df6ff356531eb27bc267b446/greenlet-3.3.2-cp314-cp314-win_amd64.whl", hash = "sha256:8c4dd0f3997cf2512f7601563cc90dfb8957c0cff1e3a1b23991d4ea1776c492" },
    { url = "https://mirrors.aliyun.com/pypi/packages/f6/4a/ecf894e962a59dea60f04877eea0fd5724618da89f1867b28ee8b91e811f/greenlet-3.3.2-cp314-cp314-win_arm64.whl", hash = "sha256:cd6f9e2bbd46321ba3bbb4c8a15794d32960e3b0ae2cc4d49a1a53d314805d71" },
    { url = "https://mirrors.aliyun.com/pypi/packages/98/6d/8f2ef704e614bcf58ed43cfb8d87afa1c285e98194ab2cfad351bf04f81e/greenlet-3.3.2-cp314-cp314t-macosx_11_0_universal2.whl", hash = "sha256:e26e72bec7ab387ac80caa7496e0f908ff954f31065b0ffc1f8ecb1338b11b54" },
    { url = "https://mirrors.aliyun.com/pypi/packages/5e/0d/93894161d307c6ea237a43988f27eba0947b360b99ac5239ad3fe09f0b47/greenlet-3.3.2-cp314-cp314t-manylinux_2_24_aarch64.manylinux_2_28_aarch64.whl", hash = "sha256:8b466dff7a4ffda6ca975979bab80bdadde979e29fc947ac3be4451428d8b0e4" },
    { url = "https://mirrors.aliyun.com/pypi/packages/f5/2c/d2d506ebd8abcb57386ec4f7ba20f4030cbe56eae541bc6fd6ef399c0b41/greenlet-3.3.2-cp314-cp314t-manylinux_2_24_ppc64le.manylinux_2_28_ppc64le.whl", hash = "sha256:b8bddc5b73c9720bea487b3bffdb1840fe4e3656fba3bd40aa1489e9f37877ff" },
    { url = "https://mirrors.aliyun.com/pypi/packages/d1/67/8197b7e7e602150938049d8e7f30de1660cfb87e4c8ee349b42b67bdb2e1/greenlet-3.3.2-cp314-cp314t-manylinux_2_24_s390x.manylinux_2_28_s390x.whl", hash = "sha256:59b3e2c40f6706b05a9cd299c836c6aa2378cabe25d021acd80f13abf81181cf" },
    { url = "https://mirrors.aliyun.com/pypi/packages/8e/30/3a09155fbf728673a1dea713572d2d31159f824a37c22da82127056c44e4/greenlet-3.3.2-cp314-cp314t-manylinux_2_24_x86_64.manylinux_2_28_x86_64.whl", hash = "sha256:b26b0f4428b871a751968285a1ac9648944cea09807177ac639b030bddebcea4" },
    { url = "https://mirrors.aliyun.com/pypi/packages/f3/fd/d05a4b7acd0154ed758797f0a43b4c0962a843bedfe980115e842c5b2d08/greenlet-3.3.2-cp314-cp314t-musllinux_1_2_aarch64.whl", hash = "sha256:1fb39a11ee2e4d94be9a76671482be9398560955c9e568550de0224e41104727" },
    { url = "https://mirrors.aliyun.com/pypi/packages/6f/e1/50ee92a5db521de8f35075b5eff060dd43d39ebd46c2181a2042f7070385/greenlet-3.3.2-cp314-cp314t-musllinux_1_2_x86_64.whl", hash = "sha256:20154044d9085151bc309e7689d6f7ba10027f8f5a8c0676ad398b951913d89e" },
    { url = "https://mirrors.aliyun.com/pypi/packages/29/4b/45d90626aef8e65336bed690106d1382f7a43665e2249017e9527df8823b/greenlet-3.3.2-cp314-cp314t-win_amd64.whl", hash = "sha256:c04c5e06ec3e022cbfe2cd4a846e1d4e50087444f875ff6d2c2ad8445495cf1a" },
]

[[package]]
name = "iniconfig"
version = "2.3.0"
source = { registry = "https://mirrors.aliyun.com/pypi/simple" }
sdist = { url = "https://mirrors.aliyun.com/pypi/packages/72/34/14ca021ce8e5dfedc35312d08ba8bf51fdd999c576889fc2c24cb97f4f10/iniconfig-2.3.0.tar.gz", hash = "sha256:c76315c77db068650d49c5b56314774a7804df16fee4402c1f19d6d15d8c4730" }
wheels = [
    { url = "https://mirrors.aliyun.com/pypi/packages/cb/b1/3846dd7f199d53cb17f49cba7e651e9ce294d8497c8c150530ed11865bb8/iniconfig-2.3.0-py3-none-any.whl", hash = "sha256:f631c04d2c48c52b84d0d0549c99ff3859c98df65b3101406327ecc7d53fbf12" },
]

[[package]]
name = "packaging"
version = "26.0"
source = { registry = "https://mirrors.aliyun.com/pypi/simple" }
sdist = { url = "https://mirrors.aliyun.com/pypi/packages/65/ee/299d360cdc32edc7d2cf530f3accf79c4fca01e96ffc950d8a52213bd8e4/packaging-26.0.tar.gz", hash = "sha256:00243ae351a257117b6a241061796684b084ed1c516a08c48a3f7e147a9d80b4" }
wheels = [
    { url = "https://mirrors.aliyun.com/pypi/packages/b7/b9/c538f279a4e237a006a2c98387d081e9eb060d203d8ed34467cc0f0b9b53/packaging-26.0-py3-none-any.whl", hash = "sha256:b36f1fef9334a5588b4166f8bcd26a14e521f2b55e6b9de3aaa80d3ff7a37529" },
]

[[package]]
name = "pluggy"
version = "1.6.0"
source = { registry = "https://mirrors.aliyun.com/pypi/simple" }
sdist = { url = "https://mirrors.aliyun.com/pypi/packages/f9/e2/3e91f31a7d2b083fe6ef3fa267035b518369d9511ffab804f839851d2779/pluggy-1.6.0.tar.gz", hash = "sha256:7dcc130b76258d33b90f61b658791dede3486c3e6bfb003ee5c9bfb396dd22f3" }
wheels = [
    { url = "https://mirrors.aliyun.com/pypi/packages/54/20/4d324d65cc6d9205fabedc306948156824eb9f0ee1633355a8f7ec5c66bf/pluggy-1.6.0-py3-none-any.whl", hash = "sha256:e920276dd6813095e9377c0bc5566d94c932c33b27a3e3945d8389c374dd4746" },
]

[[package]]
name = "pygments"
version = "2.19.2"
source = { registry = "https://mirrors.aliyun.com/pypi/simple" }
sdist = { url = "https://mirrors.aliyun.com/pypi/packages/b0/77/a5b8c569bf593b0140bde72ea885a803b82086995367bf2037de0159d924/pygments-2.19.2.tar.gz", hash = "sha256:636cb2477cec7f8952536970bc533bc43743542f70392ae026374600add5b887" }
wheels = [
    { url = "https://mirrors.aliyun.com/pypi/packages/c7/21/705964c7812476f378728bdf590ca4b771ec72385c533964653c68e86bdc/pygments-2.19.2-py3-none-any.whl", hash = "sha256:86540386c03d588bb81d44bc3928634ff26449851e99741617ecb9037ee5ec0b" },
]

[[package]]
name = "pytest"
version = "9.0.2"
source = { registry = "https://mirrors.aliyun.com/pypi/simple" }
dependencies = [
    { name = "colorama", marker = "sys_platform == 'win32'" },
    { name = "iniconfig" },
    { name = "packaging" },
    { name = "pluggy" },
    { name = "pygments" },
]
sdist = { url = "https://mirrors.aliyun.com/pypi/packages/d1/db/7ef3487e0fb0049ddb5ce41d3a49c235bf9ad299b6a25d5780a89f19230f/pytest-9.0.2.tar.gz", hash = "sha256:75186651a92bd89611d1d9fc20f0b4345fd827c41ccd5c299a868a05d70edf11" }
wheels = [
    { url = "https://mirrors.aliyun.com/pypi/packages/3b/ab/b3226f0bd7cdcf710fbede2b3548584366da3b19b5021e74f5bde2a8fa3f/pytest-9.0.2-py3-none-any.whl", hash = "sha256:711ffd45bf766d5264d487b917733b453d917afd2b0ad65223959f59089f875b" },
]

[[package]]
name = "pytest-asyncio"
version = "1.3.0"
source = { registry = "https://mirrors.aliyun.com/pypi/simple" }
dependencies = [
    { name = "pytest" },
]
sdist = { url = "https://mirrors.aliyun.com/pypi/packages/90/2c/8af215c0f776415f3590cac4f9086ccefd6fd463befeae41cd4d3f193e5a/pytest_asyncio-1.3.0.tar.gz", hash = "sha256:d7f52f36d231b80ee124cd216ffb19369aa168fc10095013c6b014a34d3ee9e5" }
wheels = [
    { url = "https://mirrors.aliyun.com/pypi/packages/e5/35/f8b19922b6a25bc0880171a2f1a003eaeb93657475193ab516fd87cac9da/pytest_asyncio-1.3.0-py3-none-any.whl", hash = "sha256:611e26147c7f77640e6d0a92a38ed17c3e9848063698d5c93d5aa7aa11cebff5" },
]

[[package]]
name = "ruff"
version = "0.15.5"
source = { registry = "https://mirrors.aliyun.com/pypi/simple" }
sdist = { url = "https://mirrors.aliyun.com/pypi/packages/77/9b/840e0039e65fcf12758adf684d2289024d6140cde9268cc59887dc55189c/ruff-0.15.5.tar.gz", hash = "sha256:7c3601d3b6d76dce18c5c824fc8d06f4eef33d6df0c21ec7799510cde0f159a2" }
wheels = [
    { url = "https://mirrors.aliyun.com/pypi/packages/47/20/5369c3ce21588c708bcbe517a8fbe1a8dfdb5dfd5137e14790b1da71612c/ruff-0.15.5-py3-none-linux_armv6l.whl", hash = "sha256:4ae44c42281f42e3b06b988e442d344a5b9b72450ff3c892e30d11b29a96a57c" },
    { url = "https://mirrors.aliyun.com/pypi/packages/44/ed/e81dd668547da281e5dce710cf0bc60193f8d3d43833e8241d006720e42b/ruff-0.15.5-py3-none-macosx_10_12_x86_64.whl", hash = "sha256:6edd3792d408ebcf61adabc01822da687579a1a023f297618ac27a5b51ef0080" },
    { url = "https://mirrors.aliyun.com/pypi/packages/c4/8f/533075f00aaf19b07c5cd6aa6e5d89424b06b3b3f4583bfa9c640a079059/ruff-0.15.5-py3-none-macosx_11_0_arm64.whl", hash = "sha256:89f463f7c8205a9f8dea9d658d59eff49db05f88f89cc3047fb1a02d9f344010" },
    { url = "https://mirrors.aliyun.com/pypi/packages/66/0e/ba49e2c3fa0395b3152bad634c7432f7edfc509c133b8f4529053ff024fb/ruff-0.15.5-py3-none-manylinux_2_17_aarch64.manylinux2014_aarch64.whl", hash = "sha256:ba786a8295c6574c1116704cf0b9e6563de3432ac888d8f83685654fe528fd65" },
    { url = "https://mirrors.aliyun.com/pypi/packages/59/71/39234440f27a226475a0659561adb0d784b4d247dfe7f43ffc12dd02e288/ruff-0.15.5-py3-none-manylinux_2_17_armv7l.manylinux2014_armv7l.whl", hash = "sha256:fd4b801e57955fe9f02b31d20375ab3a5c4415f2e5105b79fb94cf2642c91440" },
    { url = "https://mirrors.aliyun.com/pypi/packages/f5/87/4140aa86a93df032156982b726f4952aaec4a883bb98cb6ef73c347da253/ruff-0.15.5-py3-none-manylinux_2_17_i686.manylinux2014_i686.whl", hash = "sha256:391f7c73388f3d8c11b794dbbc2959a5b5afe66642c142a6effa90b45f6f5204" },
    { url = "https://mirrors.aliyun.com/pypi/packages/5a/f7/4953e7e3287676f78fbe85e3a0ca414c5ca81237b7575bdadc00229ac240/ruff-0.15.5-py3-none-manylinux_2_17_ppc64le.manylinux2014_ppc64le.whl", hash = "sha256:8dc18f30302e379fe1e998548b0f5e9f4dff907f52f73ad6da419ea9c19d66c8" },
    { url = "https://mirrors.aliyun.com/pypi/packages/77/46/0f7c865c10cf896ccf5a939c3e84e1cfaeed608ff5249584799a74d33835/ruff-0.15.5-py3-none-manylinux_2_17_s390x.manylinux2014_s390x.whl", hash = "sha256:1cc6e7f90087e2d27f98dc34ed1b3ab7c8f0d273cc5431415454e22c0bd2a681" },
    { url = "https://mirrors.aliyun.com/pypi/packages/d3/01/a10fe54b653061585e655f5286c2662ebddb68831ed3eaebfb0eb08c0a16/ruff-0.15.5-py3-none-manylinux_2_17_x86_64.manylinux2014_x86_64.whl", hash = "sha256:c1cb7169f53c1ddb06e71a9aebd7e98fc0fea936b39afb36d8e86d36ecc2636a" },
    { url = "https://mirrors.aliyun.com/pypi/packages/7a/0d/2132ceaf20c5e8699aa83da2706ecb5c5dcdf78b453f77edca7fb70f8a93/ruff-0.15.5-py3-none-manylinux_2_31_riscv64.whl", hash = "sha256:9b037924500a31ee17389b5c8c4d88874cc6ea8e42f12e9c61a3d754ff72f1ca" },
    { url = "https://mirrors.aliyun.com/pypi/packages/72/cb/2e5259a7eb2a0f87c08c0fe5bf5825a1e4b90883a52685524596bfc93072/ruff-0.15.5-py3-none-musllinux_1_2_aarch64.whl", hash = "sha256:65bb414e5b4eadd95a8c1e4804f6772bbe8995889f203a01f77ddf2d790929dd" },
    { url = "https://mirrors.aliyun.com/pypi/packages/ff/20/b67ce78f9e6c59ffbdb5b4503d0090e749b5f2d31b599b554698a80d861c/ruff-0.15.5-py3-none-musllinux_1_2_armv7l.whl", hash = "sha256:d20aa469ae3b57033519c559e9bc9cd9e782842e39be05b50e852c7c981fa01d" },
    { url = "https://mirrors.aliyun.com/pypi/packages/5f/e5/719f1acccd31b720d477751558ed74e9c88134adcc377e5e886af89d3072/ruff-0.15.5-py3-none-musllinux_1_2_i686.whl", hash = "sha256:15388dd28c9161cdb8eda68993533acc870aa4e646a0a277aa166de9ad5a8752" },
    { url = "https://mirrors.aliyun.com/pypi/packages/c3/9c/d1db14469e32d98f3ca27079dbd30b7b44dbb5317d06ab36718dee3baf03/ruff-0.15.5-py3-none-musllinux_1_2_x86_64.whl", hash = "sha256:b30da330cbd03bed0c21420b6b953158f60c74c54c5f4c1dabbdf3a57bf355d2" },
    { url = "https://mirrors.aliyun.com/pypi/packages/28/3a/950367aee7c69027f4f422059227b290ed780366b6aecee5de5039d50fa8/ruff-0.15.5-py3-none-win32.whl", hash = "sha256:732e5ee1f98ba5b3679029989a06ca39a950cced52143a0ea82a2102cb592b74" },
    { url = "https://mirrors.aliyun.com/pypi/packages/b8/00/bf077a505b4e649bdd3c47ff8ec967735ce2544c8e4a43aba42ee9bf935d/ruff-0.15.5-py3-none-win_amd64.whl", hash = "sha256:821d41c5fa9e19117616c35eaa3f4b75046ec76c65e7ae20a333e9a8696bc7fe" },
    { url = "https://mirrors.aliyun.com/pypi/packages/fe/4e/cd76eca6db6115604b7626668e891c9dd03330384082e33662fb0f113614/ruff-0.15.5-py3-none-win_arm64.whl", hash = "sha256:b498d1c60d2fe5c10c45ec3f698901065772730b411f164ae270bb6bfcc4740b" },
]

[[package]]
name = "sqlalchemy"
version = "2.0.48"
source = { registry = "https://mirrors.aliyun.com/pypi/simple" }
dependencies = [
    { name = "greenlet", marker = "platform_machine == 'AMD64' or platform_machine == 'WIN32' or platform_machine == 'aarch64' or platform_machine == 'amd64' or platform_machine == 'ppc64le' or platform_machine == 'win32' or platform_machine == 'x86_64'" },
    { name = "typing-extensions" },
]
sdist = { url = "https://mirrors.aliyun.com/pypi/packages/1f/73/b4a9737255583b5fa858e0bb8e116eb94b88c910164ed2ed719147bde3de/sqlalchemy-2.0.48.tar.gz", hash = "sha256:5ca74f37f3369b45e1f6b7b06afb182af1fd5dde009e4ffd831830d98cbe5fe7" }
wheels = [
    { url = "https://mirrors.aliyun.com/pypi/packages/d1/c6/569dc8bf3cd375abc5907e82235923e986799f301cd79a903f784b996fca/sqlalchemy-2.0.48-cp313-cp313-macosx_11_0_arm64.whl", hash = "sha256:e3070c03701037aa418b55d36532ecb8f8446ed0135acb71c678dbdf12f5b6e4" },
    { url = "https://mirrors.aliyun.com/pypi/packages/6d/ff/f4e04a4bd5a24304f38cb0d4aa2ad4c0fb34999f8b884c656535e1b2b74c/sqlalchemy-2.0.48-cp313-cp313-manylinux2014_aarch64.manylinux_2_17_aarch64.manylinux_2_28_aarch64.whl", hash = "sha256:2645b7d8a738763b664a12a1542c89c940daa55196e8d73e55b169cc5c99f65f" },
    { url = "https://mirrors.aliyun.com/pypi/packages/fe/88/cb59509e4668d8001818d7355d9995be90c321313078c912420603a7cb95/sqlalchemy-2.0.48-cp313-cp313-manylinux2014_x86_64.manylinux_2_17_x86_64.manylinux_2_28_x86_64.whl", hash = "sha256:b19151e76620a412c2ac1c6f977ab1b9fa7ad43140178345136456d5265b32ed" },
    { url = "https://mirrors.aliyun.com/pypi/packages/87/dc/1609a4442aefd750ea2f32629559394ec92e89ac1d621a7f462b70f736ff/sqlalchemy-2.0.48-cp313-cp313-musllinux_1_2_aarch64.whl", hash = "sha256:5b193a7e29fd9fa56e502920dca47dffe60f97c863494946bd698c6058a55658" },
    { url = "https://mirrors.aliyun.com/pypi/packages/37/c3/6ae2ab5ea2fa989fbac4e674de01224b7a9d744becaf59bb967d62e99bed/sqlalchemy-2.0.48-cp313-cp313-musllinux_1_2_x86_64.whl", hash = "sha256:36ac4ddc3d33e852da9cb00ffb08cea62ca05c39711dc67062ca2bb1fae35fd8" },
    { url = "https://mirrors.aliyun.com/pypi/packages/6f/82/ea4665d1bb98c50c19666e672f21b81356bd6077c4574e3d2bbb84541f53/sqlalchemy-2.0.48-cp313-cp313-win32.whl", hash = "sha256:389b984139278f97757ea9b08993e7b9d1142912e046ab7d82b3fbaeb0209131" },
    { url = "https://mirrors.aliyun.com/pypi/packages/b7/2b/b9040bec58c58225f073f5b0c1870defe1940835549dafec680cbd58c3c3/sqlalchemy-2.0.48-cp313-cp313-win_amd64.whl", hash = "sha256:d612c976cbc2d17edfcc4c006874b764e85e990c29ce9bd411f926bbfb02b9a2" },
    { url = "https://mirrors.aliyun.com/pypi/packages/f4/f4/7b17bd50244b78a49d22cc63c969d71dc4de54567dc152a9b46f6fae40ce/sqlalchemy-2.0.48-cp313-cp313t-manylinux2014_aarch64.manylinux_2_17_aarch64.manylinux_2_28_aarch64.whl", hash = "sha256:69f5bc24904d3bc3640961cddd2523e361257ef68585d6e364166dfbe8c78fae" },
    { url = "https://mirrors.aliyun.com/pypi/packages/20/0d/213668e9aca61d370f7d2a6449ea4ec699747fac67d4bda1bb3d129025be/sqlalchemy-2.0.48-cp313-cp313t-manylinux2014_x86_64.manylinux_2_17_x86_64.manylinux_2_28_x86_64.whl", hash = "sha256:fd08b90d211c086181caed76931ecfa2bdfc83eea3cfccdb0f82abc6c4b876cb" },
    { url = "https://mirrors.aliyun.com/pypi/packages/85/d7/a84edf412979e7d59c69b89a5871f90a49228360594680e667cb2c46a828/sqlalchemy-2.0.48-cp313-cp313t-musllinux_1_2_aarch64.whl", hash = "sha256:1ccd42229aaac2df431562117ac7e667d702e8e44afdb6cf0e50fa3f18160f0b" },
    { url = "https://mirrors.aliyun.com/pypi/packages/86/55/42404ce5770f6be26a2b0607e7866c31b9a4176c819e9a7a5e0a055770be/sqlalchemy-2.0.48-cp313-cp313t-musllinux_1_2_x86_64.whl", hash = "sha256:f0dcbc588cd5b725162c076eb9119342f6579c7f7f55057bb7e3c6ff27e13121" },
    { url = "https://mirrors.aliyun.com/pypi/packages/ae/ae/29b87775fadc43e627cf582fe3bda4d02e300f6b8f2747c764950d13784c/sqlalchemy-2.0.48-cp313-cp313t-win32.whl", hash = "sha256:9764014ef5e58aab76220c5664abb5d47d5bc858d9debf821e55cfdd0f128485" },
    { url = "https://mirrors.aliyun.com/pypi/packages/91/44/f39d063c90f2443e5b46ec4819abd3d8de653893aae92df42a5c4f5843de/sqlalchemy-2.0.48-cp313-cp313t-win_amd64.whl", hash = "sha256:e2f35b4cccd9ed286ad62e0a3c3ac21e06c02abc60e20aa51a3e305a30f5fa79" },
    { url = "https://mirrors.aliyun.com/pypi/packages/f7/b3/f437eaa1cf028bb3c927172c7272366393e73ccd104dcf5b6963f4ab5318/sqlalchemy-2.0.48-cp314-cp314-macosx_11_0_arm64.whl", hash = "sha256:e2d0d88686e3d35a76f3e15a34e8c12d73fc94c1dea1cd55782e695cc14086dd" },
    { url = "https://mirrors.aliyun.com/pypi/packages/6c/1c/b3abdf0f402aa3f60f0df6ea53d92a162b458fca2321d8f1f00278506402/sqlalchemy-2.0.48-cp314-cp314-manylinux2014_aarch64.manylinux_2_17_aarch64.manylinux_2_28_aarch64.whl", hash = "sha256:49b7bddc1eebf011ea5ab722fdbe67a401caa34a350d278cc7733c0e88fecb1f" },
    { url = "https://mirrors.aliyun.com/pypi/packages/f2/5e/327428a034407651a048f5e624361adf3f9fbac9d0fa98e981e9c6ff2f5e/sqlalchemy-2.0.48-cp314-cp314-manylinux2014_x86_64.manylinux_2_17_x86_64.manylinux_2_28_x86_64.whl", hash = "sha256:426c5ca86415d9b8945c7073597e10de9644802e2ff502b8e1f11a7a2642856b" },
    { url = "https://mirrors.aliyun.com/pypi/packages/2a/ca/ece73c81a918add0965b76b868b7b5359e068380b90ef1656ee995940c02/sqlalchemy-2.0.48-cp314-cp314-musllinux_1_2_aarch64.whl", hash = "sha256:288937433bd44e3990e7da2402fabc44a3c6c25d3704da066b85b89a85474ae0" },
    { url = "https://mirrors.aliyun.com/pypi/packages/88/11/fbaf1ae91fa4ee43f4fe79661cead6358644824419c26adb004941bdce7c/sqlalchemy-2.0.48-cp314-cp314-musllinux_1_2_x86_64.whl", hash = "sha256:8183dc57ae7d9edc1346e007e840a9f3d6aa7b7f165203a99e16f447150140d2" },
    { url = "https://mirrors.aliyun.com/pypi/packages/fa/a8/5fb0deb13930b4f2f698c5541ae076c18981173e27dd00376dbaea7a9c82/sqlalchemy-2.0.48-cp314-cp314-win32.whl", hash = "sha256:1182437cb2d97988cfea04cf6cdc0b0bb9c74f4d56ec3d08b81e23d621a28cc6" },
    { url = "https://mirrors.aliyun.com/pypi/packages/95/7e/e83615cb63f80047f18e61e31e8e32257d39458426c23006deeaf48f463b/sqlalchemy-2.0.48-cp314-cp314-win_amd64.whl", hash = "sha256:144921da96c08feb9e2b052c5c5c1d0d151a292c6135623c6b2c041f2a45f9e0" },
    { url = "https://mirrors.aliyun.com/pypi/packages/83/e3/69d8711b3f2c5135e9cde5f063bc1605860f0b2c53086d40c04017eb1f77/sqlalchemy-2.0.48-cp314-cp314t-manylinux2014_aarch64.manylinux_2_17_aarch64.manylinux_2_28_aarch64.whl", hash = "sha256:5aee45fd2c6c0f2b9cdddf48c48535e7471e42d6fb81adfde801da0bd5b93241" },
    { url = "https://mirrors.aliyun.com/pypi/packages/f8/4f/a7cce98facca73c149ea4578981594aaa5fd841e956834931de503359336/sqlalchemy-2.0.48-cp314-cp314t-manylinux2014_x86_64.manylinux_2_17_x86_64.manylinux_2_28_x86_64.whl", hash = "sha256:7cddca31edf8b0653090cbb54562ca027c421c58ddde2c0685f49ff56a1690e0" },
    { url = "https://mirrors.aliyun.com/pypi/packages/cd/7d/5936c7a03a0b0cb0fa0cc425998821c6029756b0855a8f7ee70fba1de955/sqlalchemy-2.0.48-cp314-cp314t-musllinux_1_2_aarch64.whl", hash = "sha256:7a936f1bb23d370b7c8cc079d5fce4c7d18da87a33c6744e51a93b0f9e97e9b3" },
    { url = "https://mirrors.aliyun.com/pypi/packages/f4/33/cea7dfc31b52904efe3dcdc169eb4514078887dff1f5ae28a7f4c5d54b3c/sqlalchemy-2.0.48-cp314-cp314t-musllinux_1_2_x86_64.whl", hash = "sha256:e004aa9248e8cb0a5f9b96d003ca7c1c0a5da8decd1066e7b53f59eb8ce7c62b" },
    { url = "https://mirrors.aliyun.com/pypi/packages/c8/95/32107c4d13be077a9cae61e9ae49966a35dc4bf442a8852dd871db31f62e/sqlalchemy-2.0.48-cp314-cp314t-win32.whl", hash = "sha256:b8438ec5594980d405251451c5b7ea9aa58dda38eb7ac35fb7e4c696712ee24f" },
    { url = "https://mirrors.aliyun.com/pypi/packages/d2/d7/1e073da7a4bc645eb83c76067284a0374e643bc4be57f14cc6414656f92c/sqlalchemy-2.0.48-cp314-cp314t-win_amd64.whl", hash = "sha256:d854b3970067297f3a7fbd7a4683587134aa9b3877ee15aa29eea478dc68f933" },
    { url = "https://mirrors.aliyun.com/pypi/packages/46/2c/9664130905f03db57961b8980b05cab624afd114bf2be2576628a9f22da4/sqlalchemy-2.0.48-py3-none-any.whl", hash = "sha256:a66fe406437dd65cacd96a72689a3aaaecaebbcd62d81c5ac1c0fdbeac835096" },
]

[[package]]
name = "ty"
version = "0.0.21"
source = { registry = "https://mirrors.aliyun.com/pypi/simple" }
sdist = { url = "https://mirrors.aliyun.com/pypi/packages/ee/20/2ba8fd9493c89c41dfe9dbb73bc70a28b28028463bc0d2897ba8be36230a/ty-0.0.21.tar.gz", hash = "sha256:a4c2ba5d67d64df8fcdefd8b280ac1149d24a73dbda82fa953a0dff9d21400ed" }
wheels = [
    { url = "https://mirrors.aliyun.com/pypi/packages/36/70/edf38bb37517531681d1c37f5df64744e5ad02673c02eb48447eae4bea08/ty-0.0.21-py3-none-linux_armv6l.whl", hash = "sha256:7bdf2f572378de78e1f388d24691c89db51b7caf07cf90f2bfcc1d6b18b70a76" },
    { url = "https://mirrors.aliyun.com/pypi/packages/72/62/0047b0bd19afeefbc7286f20a5f78a2aa39f92b4d89853f0d7185ab89edc/ty-0.0.21-py3-none-macosx_10_12_x86_64.whl", hash = "sha256:7e9613994610431ab8625025bd2880dbcb77c5c9fabdd21134cda12d840a529d" },
    { url = "https://mirrors.aliyun.com/pypi/packages/a2/20/0b93a9e91aaed23155780258cdfdb4726ef68b6985378ac069bc427291a0/ty-0.0.21-py3-none-macosx_11_0_arm64.whl", hash = "sha256:56d3b198b64dd0a19b2b66e257deaed2ecea568e722ae5352f3c6fb62027f89d" },
    { url = "https://mirrors.aliyun.com/pypi/packages/ea/fd/9945e2fa2996a1287b1e1d7ce050e97e1f420233b271e770934bfa0880a0/ty-0.0.21-py3-none-manylinux_2_17_aarch64.manylinux2014_aarch64.whl", hash = "sha256:d23d2c34f7a77d974bb08f0860ef700addc8a683d81a0319f71c08f87506cfd0" },
    { url = "https://mirrors.aliyun.com/pypi/packages/52/e7/4ec52fcb15f3200826c9f048472c062549a05b0d1ef0b51f32d527b513c4/ty-0.0.21-py3-none-manylinux_2_17_armv7l.manylinux2014_armv7l.whl", hash = "sha256:56b01fd2519637a4ca88344f61c96225f540c98ff18bca321d4eaa7bb0f7aa2f" },
    { url = "https://mirrors.aliyun.com/pypi/packages/ee/c0/ad457be2a8abea0f25549598bd098554540ced66229488daa0d558dad3c8/ty-0.0.21-py3-none-manylinux_2_17_i686.manylinux2014_i686.whl", hash = "sha256:e9de7e11c63c6afc40f3e9ba716374add171aee7fabc70b5146a510705c6d41b" },
    { url = "https://mirrors.aliyun.com/pypi/packages/f8/5b/2ecc7a2175243a4bcb72f5298ae41feabbb93b764bb0dc45722f3752c2c2/ty-0.0.21-py3-none-manylinux_2_17_ppc64le.manylinux2014_ppc64le.whl", hash = "sha256:62f7f5b235c4f7876db305c36997aea07b7af29b1a068f373d0e2547e25f32ff" },
    { url = "https://mirrors.aliyun.com/pypi/packages/37/f5/aff507d6a901f328ef96a298032b0c11aaaf950a146ed7dd3b5bf2cd3acf/ty-0.0.21-py3-none-manylinux_2_17_s390x.manylinux2014_s390x.whl", hash = "sha256:ee8399f7c453a425291e6688efe430cfae7ab0ac4ffd50eba9f872bf878b54f6" },
    { url = "https://mirrors.aliyun.com/pypi/packages/be/30/822bbcb92d55b65989aa7ed06d9585f28ade9c9447369194ed4b0fb3b5b9/ty-0.0.21-py3-none-manylinux_2_17_x86_64.manylinux2014_x86_64.whl", hash = "sha256:210e7568c9f886c4d01308d751949ee714ad7ad9d7d928d2ba90d329dd880367" },
    { url = "https://mirrors.aliyun.com/pypi/packages/57/cc/46e7991b6469e93ac2c7e533a028983e402485580150ac864c56352a3a82/ty-0.0.21-py3-none-musllinux_1_2_aarch64.whl", hash = "sha256:53508e345b11569f78b21ba8e2b4e61df38a9754947fb3cd9f2ef574367338fb" },
    { url = "https://mirrors.aliyun.com/pypi/packages/15/c2/0bbdadfbd008240f8f1a87dc877433cb3884436097926107ccf06e618199/ty-0.0.21-py3-none-musllinux_1_2_armv7l.whl", hash = "sha256:553e43571f4a35604c36cfd07d8b61a5eb7a714e3c67f8c4ff2cf674fefbaef9" },
    { url = "https://mirrors.aliyun.com/pypi/packages/c5/b5/2dbdb7b57b5362200ef0a39738ebd31331726328336def0143ac097ee59d/ty-0.0.21-py3-none-musllinux_1_2_i686.whl", hash = "sha256:666f6822e3b9200abfa7e95eb0ddd576460adb8d66b550c0ad2c70abc84a2048" },
    { url = "https://mirrors.aliyun.com/pypi/packages/72/84/70e52c0b7abc7c2086f9876ef454a73b161d3125315536d8d7e911c94ca4/ty-0.0.21-py3-none-musllinux_1_2_x86_64.whl", hash = "sha256:a0854d008347ce4a5fb351af132f660a390ab2a1163444d075251d43e6f74b9b" },
    { url = "https://mirrors.aliyun.com/pypi/packages/a1/8a/1f72480fd013bbc6cd1929002abbbcde9a0b08ead6a15154de9d7f7fa37e/ty-0.0.21-py3-none-win32.whl", hash = "sha256:bef3ab4c7b966bcc276a8ac6c11b63ba222d21355b48d471ea782c4104eee4e0" },
    { url = "https://mirrors.aliyun.com/pypi/packages/8d/f8/1104808b875c26c640e536945753a78562d606bef4e241d9dbf3d92477f6/ty-0.0.21-py3-none-win_amd64.whl", hash = "sha256:a709d576e5bea84b745d43058d8b9cd4f27f74a0b24acb4b0cbb7d3d41e0d050" },
    { url = "https://mirrors.aliyun.com/pypi/packages/1b/b8/25e0adc404bbf986977657b25318991f93097b49f8aea640d93c0b0db68e/ty-0.0.21-py3-none-win_arm64.whl", hash = "sha256:f72047996598ac20553fb7e21ba5741e3c82dee4e9eadf10d954551a5fe09391" },
]

[[package]]
name = "typed-store"
version = "0.1.0"
source = { editable = "." }
dependencies = [
    { name = "greenlet" },
    { name = "sqlalchemy" },
]

[package.dev-dependencies]
dev = [
    { name = "aiosqlite" },
    { name = "pytest" },
    { name = "pytest-asyncio" },
    { name = "ruff" },
    { name = "ty" },
]

[package.metadata]
requires-dist = [
    { name = "greenlet", specifier = ">=3.1.1" },
    { name = "sqlalchemy", specifier = ">=2.0.36" },
]

[package.metadata.requires-dev]
dev = [
    { name = "aiosqlite", specifier = ">=0.21.0" },
    { name = "pytest", specifier = ">=8.3.4" },
    { name = "pytest-asyncio", specifier = ">=0.25.3" },
    { name = "ruff", specifier = ">=0.11.0" },
    { name = "ty", specifier = ">=0.0.1a1" },
]

[[package]]
name = "typing-extensions"
version = "4.15.0"
source = { registry = "https://mirrors.aliyun.com/pypi/simple" }
sdist = { url = "https://mirrors.aliyun.com/pypi/packages/72/94/1a15dd82efb362ac84269196e94cf00f187f7ed21c242792a923cdb1c61f/typing_extensions-4.15.0.tar.gz", hash = "sha256:0cea48d173cc12fa28ecabc3b837ea3cf6f38c6d1136f85cbaaf598984861466" }
wheels = [
    { url = "https://mirrors.aliyun.com/pypi/packages/18/67/36e9267722cc04a6b9f15c7f3441c2363321a3ea07da7ae0c0707beb2a9c/typing_extensions-4.15.0-py3-none-any.whl", hash = "sha256:f0fa19c6845758ab08074a0cfa8b7aecb71c999ca73d62883bc25cc018c4e548" },
]
